
Microsoft Visual Studio Solution File, Format Version 12.00
# Visual Studio Version 16
VisualStudioVersion = 16.0.29613.14
MinimumVisualStudioVersion = 10.0.40219.1
Project("{FAE04EC0-301F-11D3-BF4B-00C04F79EFBC}") = "strength_trainer", "strength_trainer\strength_trainer.csproj", "{2EC8525F-4FFC-4B03-BED6-E462AFDACCDD}"
EndProject
Global
	GlobalSection(SolutionConfigurationPlatforms) = preSolution
		Debug|Any CPU = Debug|Any CPU
		Release|Any CPU = Release|Any CPU
	EndGlobalSection
	GlobalSection(ProjectConfigurationPlatforms) = postSolution
		{2EC8525F-4FFC-4B03-BED6-E462AFDACCDD}.Debug|Any CPU.ActiveCfg = Debug|Any CPU
		{2EC8525F-4FFC-4B03-BED6-E462AFDACCDD}.Debug|Any CPU.Build.0 = Debug|Any CPU
		{2EC8525F-4FFC-4B03-BED6-E462AFDACCDD}.Release|Any CPU.ActiveCfg = Release|Any CPU
		{2EC8525F-4FFC-4B03-BED6-E462AFDACCDD}.Release|Any CPU.Build.0 = Release|Any CPU
	EndGlobalSection
	GlobalSection(SolutionProperties) = preSolution
		HideSolutionNode = FALSE
	EndGlobalSection
	GlobalSection(ExtensibilityGlobals) = postSolution
		SolutionGuid = {8FB8FA14-1039-4E85-B146-B0902E012AA6}
	EndGlobalSection
EndGlobal
